github.com/duke-git/lancet/v2 v2.3.8 h1:dlkqn6Nj2LRWFuObNxttkMHxrFeaV6T26JR8jbEVbPg=
github.com/duke-git/lancet/v2 v2.3.8/go.mod h1:zGa2R4xswg6EG9I6WnyubDbFO/+A/RROxIbXcwryTsc=
golang.org/x/exp v0.0.0-20221208152030-732eee02a75a h1:4iLhBPcpqFmylhnkbY3W0ONLUYYkDAW9xMFLfxgsvCw=
golang.org/x/exp v0.0.0-20221208152030-732eee02a75a/go.mod h1:CxIveKay+FTh1D0yPZemJVgC/95VzuuOLq5Qi4xnoYc=
